// !$*UTF8*$!
{
	archiveVersion = 1;
	classes = {
	};
	objectVersion = 56;
	objects = {

/* Begin PBXBuildFile section */
		2B0E29252AEA691B00C35A79 /* HomeViewModel.swift in Sources */ = {isa = PBXBuildFile; fileRef = 2B0E29242AEA691B00C35A79 /* HomeViewModel.swift */; };
		2B0E29272AEA692800C35A79 /* HomeView.swift in Sources */ = {isa = PBXBuildFile; fileRef = 2B0E29262AEA692800C35A79 /* HomeView.swift */; };
		2B2E66AF2AED8EC400C70F27 /* FilterCollectionViewCell.swift in Sources */ = {isa = PBXBuildFile; fileRef = 2B2E66AE2AED8EC400C70F27 /* FilterCollectionViewCell.swift */; };
		2B2E66B12AED8ED900C70F27 /* FilterCollectionViewCellView.swift in Sources */ = {isa = PBXBuildFile; fileRef = 2B2E66B02AED8ED900C70F27 /* FilterCollectionViewCellView.swift */; };
		2B2E66B32AED8EF200C70F27 /* ProductsTableViewCell.swift in Sources */ = {isa = PBXBuildFile; fileRef = 2B2E66B22AED8EF200C70F27 /* ProductsTableViewCell.swift */; };
		2B2E66B52AED8F1100C70F27 /* ProductsTableViewCellView.swift in Sources */ = {isa = PBXBuildFile; fileRef = 2B2E66B42AED8F1100C70F27 /* ProductsTableViewCellView.swift */; };
		2B5A3AEE2B07B7020037730D /* String - Extension.swift in Sources */ = {isa = PBXBuildFile; fileRef = 2B5A3AED2B07B7020037730D /* String - Extension.swift */; };
		2B84953E2AE82AFE00473818 /* AppDelegate.swift in Sources */ = {isa = PBXBuildFile; fileRef = 2B84953D2AE82AFE00473818 /* AppDelegate.swift */; };
		2B8495402AE82AFE00473818 /* SceneDelegate.swift in Sources */ = {isa = PBXBuildFile; fileRef = 2B84953F2AE82AFE00473818 /* SceneDelegate.swift */; };
		2B8495422AE82AFE00473818 /* HomeViewController.swift in Sources */ = {isa = PBXBuildFile; fileRef = 2B8495412AE82AFE00473818 /* HomeViewController.swift */; };
		2B8495472AE82B0100473818 /* Assets.xcassets in Resources */ = {isa = PBXBuildFile; fileRef = 2B8495462AE82B0100473818 /* Assets.xcassets */; };
		2B84954A2AE82B0100473818 /* LaunchScreen.storyboard in Resources */ = {isa = PBXBuildFile; fileRef = 2B8495482AE82B0100473818 /* LaunchScreen.storyboard */; };
		2B8F78202B03983900BCDFDB /* TabBarController.swift in Sources */ = {isa = PBXBuildFile; fileRef = 2B8F781F2B03983900BCDFDB /* TabBarController.swift */; };
		2B8F78252B0398C900BCDFDB /* FavoritesViewController.swift in Sources */ = {isa = PBXBuildFile; fileRef = 2B8F78242B0398C900BCDFDB /* FavoritesViewController.swift */; };
		2B8F78272B03A9A600BCDFDB /* FavoritesView.swift in Sources */ = {isa = PBXBuildFile; fileRef = 2B8F78262B03A9A600BCDFDB /* FavoritesView.swift */; };
		2B8F782A2B03E61600BCDFDB /* FavoritesViewModel.swift in Sources */ = {isa = PBXBuildFile; fileRef = 2B8F78292B03E61600BCDFDB /* FavoritesViewModel.swift */; };
		2B9011392AEC3A08005000DD /* UIColor - Extension.swift in Sources */ = {isa = PBXBuildFile; fileRef = 2B9011382AEC3A08005000DD /* UIColor - Extension.swift */; };
		2B90113B2AED1F1E005000DD /* SF-Pro-Display-Regular.otf in Resources */ = {isa = PBXBuildFile; fileRef = 2B90113A2AED1F1E005000DD /* SF-Pro-Display-Regular.otf */; };
		2B97655E2AEE86AC000AAB30 /* UIView - Extension.swift in Sources */ = {isa = PBXBuildFile; fileRef = 2B97655D2AEE86AC000AAB30 /* UIView - Extension.swift */; };
		2B9765672AF01382000AAB30 /* homeData.json in Resources */ = {isa = PBXBuildFile; fileRef = 2B9765662AF01382000AAB30 /* homeData.json */; };
		2B990C2E2AFA686A008E3C70 /* HomeData.swift in Sources */ = {isa = PBXBuildFile; fileRef = 2B990C2D2AFA686A008E3C70 /* HomeData.swift */; };
		2B990C332AFAA78A008E3C70 /* HomeService.swift in Sources */ = {isa = PBXBuildFile; fileRef = 2B990C322AFAA78A008E3C70 /* HomeService.swift */; };
		2BBB1F8F2B04EE5D002D400D /* SF-Pro-Display-Bold.otf in Resources */ = {isa = PBXBuildFile; fileRef = 2BBB1F8E2B04EE5D002D400D /* SF-Pro-Display-Bold.otf */; };
		2BBB1F942B04F08D002D400D /* DetailsViewController.swift in Sources */ = {isa = PBXBuildFile; fileRef = 2BBB1F932B04F08D002D400D /* DetailsViewController.swift */; };
		2BBB1F962B04F09A002D400D /* DetailsView.swift in Sources */ = {isa = PBXBuildFile; fileRef = 2BBB1F952B04F09A002D400D /* DetailsView.swift */; };
		2BBB1F9C2B0500A7002D400D /* DetailsTableViewView.swift in Sources */ = {isa = PBXBuildFile; fileRef = 2BBB1F9B2B0500A7002D400D /* DetailsTableViewView.swift */; };
		2BBB1FA22B0527C9002D400D /* DetailsTableViewCell.swift in Sources */ = {isa = PBXBuildFile; fileRef = 2BBB1FA12B0527C9002D400D /* DetailsTableViewCell.swift */; };
		2BBB1FA52B0528DC002D400D /* DetailsViewModel.swift in Sources */ = {isa = PBXBuildFile; fileRef = 2BBB1FA42B0528DC002D400D /* DetailsViewModel.swift */; };
		2BBFD4772B6976E000F58F19 /* UIViewController + Extension.swift in Sources */ = {isa = PBXBuildFile; fileRef = 2BBFD4762B6976E000F58F19 /* UIViewController + Extension.swift */; };
		2BBFD47A2B6977B900F58F19 /* FavoriteData.xcdatamodeld in Sources */ = {isa = PBXBuildFile; fileRef = 2BBFD4782B6977B900F58F19 /* FavoriteData.xcdatamodeld */; };
		2BBFD47D2B69783900F58F19 /* FavoriteDataModel.swift in Sources */ = {isa = PBXBuildFile; fileRef = 2BBFD47C2B69783900F58F19 /* FavoriteDataModel.swift */; };
/* End PBXBuildFile section */

/* Begin PBXFileReference section */
		2B0E29242AEA691B00C35A79 /* HomeViewModel.swift */ = {isa = PBXFileReference; lastKnownFileType = sourcecode.swift; path = HomeViewModel.swift; sourceTree = "<group>"; };
		2B0E29262AEA692800C35A79 /* HomeView.swift */ = {isa = PBXFileReference; lastKnownFileType = sourcecode.swift; path = HomeView.swift; sourceTree = "<group>"; };
		2B2E66AE2AED8EC400C70F27 /* FilterCollectionViewCell.swift */ = {isa = PBXFileReference; lastKnownFileType = sourcecode.swift; path = FilterCollectionViewCell.swift; sourceTree = "<group>"; };
		2B2E66B02AED8ED900C70F27 /* FilterCollectionViewCellView.swift */ = {isa = PBXFileReference; lastKnownFileType = sourcecode.swift; path = FilterCollectionViewCellView.swift; sourceTree = "<group>"; };
		2B2E66B22AED8EF200C70F27 /* ProductsTableViewCell.swift */ = {isa = PBXFileReference; lastKnownFileType = sourcecode.swift; path = ProductsTableViewCell.swift; sourceTree = "<group>"; };
		2B2E66B42AED8F1100C70F27 /* ProductsTableViewCellView.swift */ = {isa = PBXFileReference; lastKnownFileType = sourcecode.swift; path = ProductsTableViewCellView.swift; sourceTree = "<group>"; };
		2B5A3AED2B07B7020037730D /* String - Extension.swift */ = {isa = PBXFileReference; lastKnownFileType = sourcecode.swift; path = "String - Extension.swift"; sourceTree = "<group>"; };
		2B84953A2AE82AFE00473818 /* apple-products.app */ = {isa = PBXFileReference; explicitFileType = wrapper.application; includeInIndex = 0; path = "apple-products.app"; sourceTree = BUILT_PRODUCTS_DIR; };
		2B84953D2AE82AFE00473818 /* AppDelegate.swift */ = {isa = PBXFileReference; lastKnownFileType = sourcecode.swift; path = AppDelegate.swift; sourceTree = "<group>"; };
		2B84953F2AE82AFE00473818 /* SceneDelegate.swift */ = {isa = PBXFileReference; lastKnownFileType = sourcecode.swift; path = SceneDelegate.swift; sourceTree = "<group>"; };
		2B8495412AE82AFE00473818 /* HomeViewController.swift */ = {isa = PBXFileReference; lastKnownFileType = sourcecode.swift; path = HomeViewController.swift; sourceTree = "<group>"; };
		2B8495462AE82B0100473818 /* Assets.xcassets */ = {isa = PBXFileReference; lastKnownFileType = folder.assetcatalog; path = Assets.xcassets; sourceTree = "<group>"; };
		2B8495492AE82B0100473818 /* Base */ = {isa = PBXFileReference; lastKnownFileType = file.storyboard; name = Base; path = Base.lproj/LaunchScreen.storyboard; sourceTree = "<group>"; };
		2B84954B2AE82B0100473818 /* Info.plist */ = {isa = PBXFileReference; lastKnownFileType = text.plist.xml; path = Info.plist; sourceTree = "<group>"; };
		2B8F781F2B03983900BCDFDB /* TabBarController.swift */ = {isa = PBXFileReference; lastKnownFileType = sourcecode.swift; path = TabBarController.swift; sourceTree = "<group>"; };
		2B8F78242B0398C900BCDFDB /* FavoritesViewController.swift */ = {isa = PBXFileReference; lastKnownFileType = sourcecode.swift; path = FavoritesViewController.swift; sourceTree = "<group>"; };
		2B8F78262B03A9A600BCDFDB /* FavoritesView.swift */ = {isa = PBXFileReference; lastKnownFileType = sourcecode.swift; path = FavoritesView.swift; sourceTree = "<group>"; };
		2B8F78292B03E61600BCDFDB /* FavoritesViewModel.swift */ = {isa = PBXFileReference; lastKnownFileType = sourcecode.swift; path = FavoritesViewModel.swift; sourceTree = "<group>"; };
		2B9011382AEC3A08005000DD /* UIColor - Extension.swift */ = {isa = PBXFileReference; lastKnownFileType = sourcecode.swift; path = "UIColor - Extension.swift"; sourceTree = "<group>"; };
		2B90113A2AED1F1E005000DD /* SF-Pro-Display-Regular.otf */ = {isa = PBXFileReference; lastKnownFileType = file; path = "SF-Pro-Display-Regular.otf"; sourceTree = "<group>"; };
		2B97655D2AEE86AC000AAB30 /* UIView - Extension.swift */ = {isa = PBXFileReference; lastKnownFileType = sourcecode.swift; path = "UIView - Extension.swift"; sourceTree = "<group>"; };
		2B9765662AF01382000AAB30 /* homeData.json */ = {isa = PBXFileReference; lastKnownFileType = text.json; path = homeData.json; sourceTree = "<group>"; };
		2B990C2D2AFA686A008E3C70 /* HomeData.swift */ = {isa = PBXFileReference; lastKnownFileType = sourcecode.swift; path = HomeData.swift; sourceTree = "<group>"; };
		2B990C322AFAA78A008E3C70 /* HomeService.swift */ = {isa = PBXFileReference; lastKnownFileType = sourcecode.swift; path = HomeService.swift; sourceTree = "<group>"; };
		2BBB1F8E2B04EE5D002D400D /* SF-Pro-Display-Bold.otf */ = {isa = PBXFileReference; lastKnownFileType = file; path = "SF-Pro-Display-Bold.otf"; sourceTree = "<group>"; };
		2BBB1F932B04F08D002D400D /* DetailsViewController.swift */ = {isa = PBXFileReference; lastKnownFileType = sourcecode.swift; path = DetailsViewController.swift; sourceTree = "<group>"; };
		2BBB1F952B04F09A002D400D /* DetailsView.swift */ = {isa = PBXFileReference; lastKnownFileType = sourcecode.swift; path = DetailsView.swift; sourceTree = "<group>"; };
		2BBB1F9B2B0500A7002D400D /* DetailsTableViewView.swift */ = {isa = PBXFileReference; lastKnownFileType = sourcecode.swift; path = DetailsTableViewView.swift; sourceTree = "<group>"; };
		2BBB1FA12B0527C9002D400D /* DetailsTableViewCell.swift */ = {isa = PBXFileReference; lastKnownFileType = sourcecode.swift; path = DetailsTableViewCell.swift; sourceTree = "<group>"; };
		2BBB1FA42B0528DC002D400D /* DetailsViewModel.swift */ = {isa = PBXFileReference; lastKnownFileType = sourcecode.swift; path = DetailsViewModel.swift; sourceTree = "<group>"; };
		2BBFD4762B6976E000F58F19 /* UIViewController + Extension.swift */ = {isa = PBXFileReference; lastKnownFileType = sourcecode.swift; path = "UIViewController + Extension.swift"; sourceTree = "<group>"; };
		2BBFD4792B6977B900F58F19 /* FavoriteData.xcdatamodel */ = {isa = PBXFileReference; lastKnownFileType = wrapper.xcdatamodel; path = FavoriteData.xcdatamodel; sourceTree = "<group>"; };
		2BBFD47C2B69783900F58F19 /* FavoriteDataModel.swift */ = {isa = PBXFileReference; lastKnownFileType = sourcecode.swift; path = FavoriteDataModel.swift; sourceTree = "<group>"; };
/* End PBXFileReference section */

/* Begin PBXFrameworksBuildPhase section */
		2B8495372AE82AFE00473818 /* Frameworks */ = {
			isa = PBXFrameworksBuildPhase;
			buildActionMask = 2147483647;
			files = (
			);
			runOnlyForDeploymentPostprocessing = 0;
		};
/* End PBXFrameworksBuildPhase section */

/* Begin PBXGroup section */
		2B0E29202AEA68E700C35A79 /* Home */ = {
			isa = PBXGroup;
			children = (
				2BBB1F902B04F046002D400D /* Details */,
				2B2E66A92AED8E0700C70F27 /* CollectionView */,
				2B2E66A82AED8DFE00C70F27 /* TableView */,
				2B0E29232AEA690700C35A79 /* View */,
				2B0E29222AEA68FB00C35A79 /* View Model */,
				2B0E29212AEA68F500C35A79 /* View Controller */,
			);
			path = Home;
			sourceTree = "<group>";
		};
		2B0E29212AEA68F500C35A79 /* View Controller */ = {
			isa = PBXGroup;
			children = (
				2B8495412AE82AFE00473818 /* HomeViewController.swift */,
			);
			path = "View Controller";
			sourceTree = "<group>";
		};
		2B0E29222AEA68FB00C35A79 /* View Model */ = {
			isa = PBXGroup;
			children = (
				2B0E29242AEA691B00C35A79 /* HomeViewModel.swift */,
			);
			path = "View Model";
			sourceTree = "<group>";
		};
		2B0E29232AEA690700C35A79 /* View */ = {
			isa = PBXGroup;
			children = (
				2B0E29262AEA692800C35A79 /* HomeView.swift */,
			);
			path = View;
			sourceTree = "<group>";
		};
		2B2E66A82AED8DFE00C70F27 /* TableView */ = {
			isa = PBXGroup;
			children = (
				2B2E66AD2AED8E9500C70F27 /* Cell View */,
				2B2E66AC2AED8E9000C70F27 /* Cell */,
			);
			path = TableView;
			sourceTree = "<group>";
		};
		2B2E66A92AED8E0700C70F27 /* CollectionView */ = {
			isa = PBXGroup;
			children = (
				2B2E66AB2AED8E8800C70F27 /* Cell View */,
				2B2E66AA2AED8E8000C70F27 /* Cell */,
			);
			path = CollectionView;
			sourceTree = "<group>";
		};
		2B2E66AA2AED8E8000C70F27 /* Cell */ = {
			isa = PBXGroup;
			children = (
				2B2E66AE2AED8EC400C70F27 /* FilterCollectionViewCell.swift */,
			);
			path = Cell;
			sourceTree = "<group>";
		};
		2B2E66AB2AED8E8800C70F27 /* Cell View */ = {
			isa = PBXGroup;
			children = (
				2B2E66B02AED8ED900C70F27 /* FilterCollectionViewCellView.swift */,
			);
			path = "Cell View";
			sourceTree = "<group>";
		};
		2B2E66AC2AED8E9000C70F27 /* Cell */ = {
			isa = PBXGroup;
			children = (
				2B2E66B22AED8EF200C70F27 /* ProductsTableViewCell.swift */,
			);
			path = Cell;
			sourceTree = "<group>";
		};
		2B2E66AD2AED8E9500C70F27 /* Cell View */ = {
			isa = PBXGroup;
			children = (
				2B2E66B42AED8F1100C70F27 /* ProductsTableViewCellView.swift */,
			);
			path = "Cell View";
			sourceTree = "<group>";
		};
		2B8495312AE82AFE00473818 = {
			isa = PBXGroup;
			children = (
				2B84953C2AE82AFE00473818 /* apple-products */,
				2B84953B2AE82AFE00473818 /* Products */,
			);
			sourceTree = "<group>";
		};
		2B84953B2AE82AFE00473818 /* Products */ = {
			isa = PBXGroup;
			children = (
				2B84953A2AE82AFE00473818 /* apple-products.app */,
			);
			name = Products;
			sourceTree = "<group>";
		};
		2B84953C2AE82AFE00473818 /* apple-products */ = {
			isa = PBXGroup;
			children = (
				2B990C312AFAA6E8008E3C70 /* Mocky */,
				2B90113C2AED1FC4005000DD /* Constants */,
				2B9011352AEC3914005000DD /* Extensions */,
				2B8F781E2B03928C00BCDFDB /* TabBar */,
				2B9765642AF01366000AAB30 /* Models */,
				2B8F78212B0398A600BCDFDB /* Favorites */,
				2B0E29202AEA68E700C35A79 /* Home */,
				2BBFD47B2B6977CD00F58F19 /* Supporting */,
				2B8495622AE9811900473818 /* Source */,
				2B84954B2AE82B0100473818 /* Info.plist */,
			);
			path = "apple-products";
			sourceTree = "<group>";
		};
		2B8495622AE9811900473818 /* Source */ = {
			isa = PBXGroup;
			children = (
				2B9011322AEC35D0005000DD /* Fonts */,
			);
			path = Source;
			sourceTree = "<group>";
		};
		2B8F781E2B03928C00BCDFDB /* TabBar */ = {
			isa = PBXGroup;
			children = (
				2B8F781F2B03983900BCDFDB /* TabBarController.swift */,
			);
			path = TabBar;
			sourceTree = "<group>";
		};
		2B8F78212B0398A600BCDFDB /* Favorites */ = {
			isa = PBXGroup;
			children = (
				2B8F78282B03E5ED00BCDFDB /* View Model */,
				2B8F78232B0398B400BCDFDB /* ViewController */,
				2B8F78222B0398B000BCDFDB /* View */,
			);
			path = Favorites;
			sourceTree = "<group>";
		};
		2B8F78222B0398B000BCDFDB /* View */ = {
			isa = PBXGroup;
			children = (
				2B8F78262B03A9A600BCDFDB /* FavoritesView.swift */,
			);
			path = View;
			sourceTree = "<group>";
		};
		2B8F78232B0398B400BCDFDB /* ViewController */ = {
			isa = PBXGroup;
			children = (
				2B8F78242B0398C900BCDFDB /* FavoritesViewController.swift */,
			);
			path = ViewController;
			sourceTree = "<group>";
		};
		2B8F78282B03E5ED00BCDFDB /* View Model */ = {
			isa = PBXGroup;
			children = (
				2B8F78292B03E61600BCDFDB /* FavoritesViewModel.swift */,
			);
			path = "View Model";
			sourceTree = "<group>";
		};
		2B9011322AEC35D0005000DD /* Fonts */ = {
			isa = PBXGroup;
			children = (
				2BBB1F8E2B04EE5D002D400D /* SF-Pro-Display-Bold.otf */,
				2B90113A2AED1F1E005000DD /* SF-Pro-Display-Regular.otf */,
			);
			path = Fonts;
			sourceTree = "<group>";
		};
		2B9011352AEC3914005000DD /* Extensions */ = {
			isa = PBXGroup;
			children = (
				2B9011382AEC3A08005000DD /* UIColor - Extension.swift */,
				2B97655D2AEE86AC000AAB30 /* UIView - Extension.swift */,
				2B5A3AED2B07B7020037730D /* String - Extension.swift */,
				2BBFD4762B6976E000F58F19 /* UIViewController + Extension.swift */,
			);
			path = Extensions;
			sourceTree = "<group>";
		};
		2B90113C2AED1FC4005000DD /* Constants */ = {
			isa = PBXGroup;
			children = (
			);
			path = Constants;
			sourceTree = "<group>";
		};
		2B9765642AF01366000AAB30 /* Models */ = {
			isa = PBXGroup;
			children = (
				2BBFD4782B6977B900F58F19 /* FavoriteData.xcdatamodeld */,
				2BBFD47C2B69783900F58F19 /* FavoriteDataModel.swift */,
				2B990C2D2AFA686A008E3C70 /* HomeData.swift */,
				2B990C322AFAA78A008E3C70 /* HomeService.swift */,
			);
			path = Models;
			sourceTree = "<group>";
		};
		2B990C312AFAA6E8008E3C70 /* Mocky */ = {
			isa = PBXGroup;
			children = (
				2B9765662AF01382000AAB30 /* homeData.json */,
			);
			path = Mocky;
			sourceTree = "<group>";
		};
		2BBB1F902B04F046002D400D /* Details */ = {
			isa = PBXGroup;
			children = (
				2BBB1F982B050083002D400D /* TableView */,
				2BBB1FA32B0528C6002D400D /* ViewModel */,
				2BBB1F922B04F052002D400D /* View Controller */,
				2BBB1F912B04F04E002D400D /* View */,
			);
			path = Details;
			sourceTree = "<group>";
		};
		2BBB1F912B04F04E002D400D /* View */ = {
			isa = PBXGroup;
			children = (
				2BBB1F952B04F09A002D400D /* DetailsView.swift */,
			);
			path = View;
			sourceTree = "<group>";
		};
		2BBB1F922B04F052002D400D /* View Controller */ = {
			isa = PBXGroup;
			children = (
				2BBB1F932B04F08D002D400D /* DetailsViewController.swift */,
			);
			path = "View Controller";
			sourceTree = "<group>";
		};
		2BBB1F982B050083002D400D /* TableView */ = {
			isa = PBXGroup;
			children = (
				2BBB1F9A2B050091002D400D /* View Controller */,
				2BBB1F992B050088002D400D /* View */,
			);
			path = TableView;
			sourceTree = "<group>";
		};
		2BBB1F992B050088002D400D /* View */ = {
			isa = PBXGroup;
			children = (
				2BBB1F9B2B0500A7002D400D /* DetailsTableViewView.swift */,
			);
			path = View;
			sourceTree = "<group>";
		};
		2BBB1F9A2B050091002D400D /* View Controller */ = {
			isa = PBXGroup;
			children = (
				2BBB1FA12B0527C9002D400D /* DetailsTableViewCell.swift */,
			);
			path = "View Controller";
			sourceTree = "<group>";
		};
		2BBB1FA32B0528C6002D400D /* ViewModel */ = {
			isa = PBXGroup;
			children = (
				2BBB1FA42B0528DC002D400D /* DetailsViewModel.swift */,
			);
			path = ViewModel;
			sourceTree = "<group>";
		};
		2BBFD47B2B6977CD00F58F19 /* Supporting */ = {
			isa = PBXGroup;
			children = (
				2B84953F2AE82AFE00473818 /* SceneDelegate.swift */,
				2B84953D2AE82AFE00473818 /* AppDelegate.swift */,
				2B8495462AE82B0100473818 /* Assets.xcassets */,
				2B8495482AE82B0100473818 /* LaunchScreen.storyboard */,
			);
			path = Supporting;
			sourceTree = "<group>";
		};
/* End PBXGroup section */

/* Begin PBXNativeTarget section */
		2B8495392AE82AFE00473818 /* apple-products */ = {
			isa = PBXNativeTarget;
			buildConfigurationList = 2B84954E2AE82B0100473818 /* Build configuration list for PBXNativeTarget "apple-products" */;
			buildPhases = (
				2B8495362AE82AFE00473818 /* Sources */,
				2B8495372AE82AFE00473818 /* Frameworks */,
				2B8495382AE82AFE00473818 /* Resources */,
			);
			buildRules = (
			);
			dependencies = (
			);
			name = "apple-products";
			productName = "apple-products";
			productReference = 2B84953A2AE82AFE00473818 /* apple-products.app */;
			productType = "com.apple.product-type.application";
		};
/* End PBXNativeTarget section */

/* Begin PBXProject section */
		2B8495322AE82AFE00473818 /* Project object */ = {
			isa = PBXProject;
			attributes = {
				BuildIndependentTargetsInParallel = 1;
				LastSwiftUpdateCheck = 1500;
				LastUpgradeCheck = 1500;
				TargetAttributes = {
					2B8495392AE82AFE00473818 = {
						CreatedOnToolsVersion = 15.0.1;
					};
				};
			};
			buildConfigurationList = 2B8495352AE82AFE00473818 /* Build configuration list for PBXProject "apple-products" */;
			compatibilityVersion = "Xcode 14.0";
			developmentRegion = en;
			hasScannedForEncodings = 0;
			knownRegions = (
				en,
				Base,
			);
			mainGroup = 2B8495312AE82AFE00473818;
			productRefGroup = 2B84953B2AE82AFE00473818 /* Products */;
			projectDirPath = "";
			projectRoot = "";
			targets = (
				2B8495392AE82AFE00473818 /* apple-products */,
			);
		};
/* End PBXProject section */

/* Begin PBXResourcesBuildPhase section */
		2B8495382AE82AFE00473818 /* Resources */ = {
			isa = PBXResourcesBuildPhase;
			buildActionMask = 2147483647;
			files = (
				2B9765672AF01382000AAB30 /* homeData.json in Resources */,
				2BBB1F8F2B04EE5D002D400D /* SF-Pro-Display-Bold.otf in Resources */,
				2B84954A2AE82B0100473818 /* LaunchScreen.storyboard in Resources */,
				2B90113B2AED1F1E005000DD /* SF-Pro-Display-Regular.otf in Resources */,
				2B8495472AE82B0100473818 /* Assets.xcassets in Resources */,
			);
			runOnlyForDeploymentPostprocessing = 0;
		};
/* End PBXResourcesBuildPhase section */

/* Begin PBXSourcesBuildPhase section */
		2B8495362AE82AFE00473818 /* Sources */ = {
			isa = PBXSourcesBuildPhase;
			buildActionMask = 2147483647;
			files = (
				2B2E66B52AED8F1100C70F27 /* ProductsTableViewCellView.swift in Sources */,
				2BBB1F962B04F09A002D400D /* DetailsView.swift in Sources */,
				2B8495422AE82AFE00473818 /* HomeViewController.swift in Sources */,
				2B2E66B12AED8ED900C70F27 /* FilterCollectionViewCellView.swift in Sources */,
				2B97655E2AEE86AC000AAB30 /* UIView - Extension.swift in Sources */,
				2BBB1F9C2B0500A7002D400D /* DetailsTableViewView.swift in Sources */,
				2B5A3AEE2B07B7020037730D /* String - Extension.swift in Sources */,
				2BBB1FA22B0527C9002D400D /* DetailsTableViewCell.swift in Sources */,
				2BBB1FA52B0528DC002D400D /* DetailsViewModel.swift in Sources */,
				2B84953E2AE82AFE00473818 /* AppDelegate.swift in Sources */,
				2BBFD4772B6976E000F58F19 /* UIViewController + Extension.swift in Sources */,
				2BBFD47D2B69783900F58F19 /* FavoriteDataModel.swift in Sources */,
				2B2E66B32AED8EF200C70F27 /* ProductsTableViewCell.swift in Sources */,
				2B8495402AE82AFE00473818 /* SceneDelegate.swift in Sources */,
				2B8F782A2B03E61600BCDFDB /* FavoritesViewModel.swift in Sources */,
				2B0E29272AEA692800C35A79 /* HomeView.swift in Sources */,
				2B990C332AFAA78A008E3C70 /* HomeService.swift in Sources */,
				2B990C2E2AFA686A008E3C70 /* HomeData.swift in Sources */,
				2BBB1F942B04F08D002D400D /* DetailsViewController.swift in Sources */,
				2B0E29252AEA691B00C35A79 /* HomeViewModel.swift in Sources */,
				2B8F78202B03983900BCDFDB /* TabBarController.swift in Sources */,
				2B8F78272B03A9A600BCDFDB /* FavoritesView.swift in Sources */,
				2B9011392AEC3A08005000DD /* UIColor - Extension.swift in Sources */,
				2B8F78252B0398C900BCDFDB /* FavoritesViewController.swift in Sources */,
				2B2E66AF2AED8EC400C70F27 /* FilterCollectionViewCell.swift in Sources */,
				2BBFD47A2B6977B900F58F19 /* FavoriteData.xcdatamodeld in Sources */,
			);
			runOnlyForDeploymentPostprocessing = 0;
		};
/* End PBXSourcesBuildPhase section */

/* Begin PBXVariantGroup section */
		2B8495482AE82B0100473818 /* LaunchScreen.storyboard */ = {
			isa = PBXVariantGroup;
			children = (
				2B8495492AE82B0100473818 /* Base */,
			);
			name = LaunchScreen.storyboard;
			sourceTree = "<group>";
		};
/* End PBXVariantGroup section */

/* Begin XCBuildConfiguration section */
		2B84954C2AE82B0100473818 /* Debug */ = {
			isa = XCBuildConfiguration;
			buildSettings = {
				ALWAYS_SEARCH_USER_PATHS = NO;
				ASSETCATALOG_COMPILER_GENERATE_SWIFT_ASSET_SYMBOL_EXTENSIONS = YES;
				CLANG_ANALYZER_NONNULL = YES;
				CLANG_ANALYZER_NUMBER_OBJECT_CONVERSION = YES_AGGRESSIVE;
				CLANG_CXX_LANGUAGE_STANDARD = "gnu++20";
				CLANG_ENABLE_MODULES = YES;
				CLANG_ENABLE_OBJC_ARC = YES;
				CLANG_ENABLE_OBJC_WEAK = YES;
				CLANG_WARN_BLOCK_CAPTURE_AUTORELEASING = YES;
				CLANG_WARN_BOOL_CONVERSION = YES;
				CLANG_WARN_COMMA = YES;
				CLANG_WARN_CONSTANT_CONVERSION = YES;
				CLANG_WARN_DEPRECATED_OBJC_IMPLEMENTATIONS = YES;
				CLANG_WARN_DIRECT_OBJC_ISA_USAGE = YES_ERROR;
				CLANG_WARN_DOCUMENTATION_COMMENTS = YES;
				CLANG_WARN_EMPTY_BODY = YES;
				CLANG_WARN_ENUM_CONVERSION = YES;
				CLANG_WARN_INFINITE_RECURSION = YES;
				CLANG_WARN_INT_CONVERSION = YES;
				CLANG_WARN_NON_LITERAL_NULL_CONVERSION = YES;
				CLANG_WARN_OBJC_IMPLICIT_RETAIN_SELF = YES;
				CLANG_WARN_OBJC_LITERAL_CONVERSION = YES;
				CLANG_WARN_OBJC_ROOT_CLASS = YES_ERROR;
				CLANG_WARN_QUOTED_INCLUDE_IN_FRAMEWORK_HEADER = YES;
				CLANG_WARN_RANGE_LOOP_ANALYSIS = YES;
				CLANG_WARN_STRICT_PROTOTYPES = YES;
				CLANG_WARN_SUSPICIOUS_MOVE = YES;
				CLANG_WARN_UNGUARDED_AVAILABILITY = YES_AGGRESSIVE;
				CLANG_WARN_UNREACHABLE_CODE = YES;
				CLANG_WARN__DUPLICATE_METHOD_MATCH = YES;
				COPY_PHASE_STRIP = NO;
				DEBUG_INFORMATION_FORMAT = dwarf;
				ENABLE_STRICT_OBJC_MSGSEND = YES;
				ENABLE_TESTABILITY = YES;
				ENABLE_USER_SCRIPT_SANDBOXING = YES;
				GCC_C_LANGUAGE_STANDARD = gnu17;
				GCC_DYNAMIC_NO_PIC = NO;
				GCC_NO_COMMON_BLOCKS = YES;
				GCC_OPTIMIZATION_LEVEL = 0;
				GCC_PREPROCESSOR_DEFINITIONS = (
					"DEBUG=1",
					"$(inherited)",
				);
				GCC_WARN_64_TO_32_BIT_CONVERSION = YES;
				GCC_WARN_ABOUT_RETURN_TYPE = YES_ERROR;
				GCC_WARN_UNDECLARED_SELECTOR = YES;
				GCC_WARN_UNINITIALIZED_AUTOS = YES_AGGRESSIVE;
				GCC_WARN_UNUSED_FUNCTION = YES;
				GCC_WARN_UNUSED_VARIABLE = YES;
				IPHONEOS_DEPLOYMENT_TARGET = 17.0;
				LOCALIZATION_PREFERS_STRING_CATALOGS = YES;
				MTL_ENABLE_DEBUG_INFO = INCLUDE_SOURCE;
				MTL_FAST_MATH = YES;
				ONLY_ACTIVE_ARCH = YES;
				SDKROOT = iphoneos;
				SWIFT_ACTIVE_COMPILATION_CONDITIONS = "DEBUG $(inherited)";
				SWIFT_OPTIMIZATION_LEVEL = "-Onone";
			};
			name = Debug;
		};
		2B84954D2AE82B0100473818 /* Release */ = {
			isa = XCBuildConfiguration;
			buildSettings = {
				ALWAYS_SEARCH_USER_PATHS = NO;
				ASSETCATALOG_COMPILER_GENERATE_SWIFT_ASSET_SYMBOL_EXTENSIONS = YES;
				CLANG_ANALYZER_NONNULL = YES;
				CLANG_ANALYZER_NUMBER_OBJECT_CONVERSION = YES_AGGRESSIVE;
				CLANG_CXX_LANGUAGE_STANDARD = "gnu++20";
				CLANG_ENABLE_MODULES = YES;
				CLANG_ENABLE_OBJC_ARC = YES;
				CLANG_ENABLE_OBJC_WEAK = YES;
				CLANG_WARN_BLOCK_CAPTURE_AUTORELEASING = YES;
				CLANG_WARN_BOOL_CONVERSION = YES;
				CLANG_WARN_COMMA = YES;
				CLANG_WARN_CONSTANT_CONVERSION = YES;
				CLANG_WARN_DEPRECATED_OBJC_IMPLEMENTATIONS = YES;
				CLANG_WARN_DIRECT_OBJC_ISA_USAGE = YES_ERROR;
				CLANG_WARN_DOCUMENTATION_COMMENTS = YES;
				CLANG_WARN_EMPTY_BODY = YES;
				CLANG_WARN_ENUM_CONVERSION = YES;
				CLANG_WARN_INFINITE_RECURSION = YES;
				CLANG_WARN_INT_CONVERSION = YES;
				CLANG_WARN_NON_LITERAL_NULL_CONVERSION = YES;
				CLANG_WARN_OBJC_IMPLICIT_RETAIN_SELF = YES;
				CLANG_WARN_OBJC_LITERAL_CONVERSION = YES;
				CLANG_WARN_OBJC_ROOT_CLASS = YES_ERROR;
				CLANG_WARN_QUOTED_INCLUDE_IN_FRAMEWORK_HEADER = YES;
				CLANG_WARN_RANGE_LOOP_ANALYSIS = YES;
				CLANG_WARN_STRICT_PROTOTYPES = YES;
				CLANG_WARN_SUSPICIOUS_MOVE = YES;
				CLANG_WARN_UNGUARDED_AVAILABILITY = YES_AGGRESSIVE;
				CLANG_WARN_UNREACHABLE_CODE = YES;
				CLANG_WARN__DUPLICATE_METHOD_MATCH = YES;
				COPY_PHASE_STRIP = NO;
				DEBUG_INFORMATION_FORMAT = "dwarf-with-dsym";
				ENABLE_NS_ASSERTIONS = NO;
				ENABLE_STRICT_OBJC_MSGSEND = YES;
				ENABLE_USER_SCRIPT_SANDBOXING = YES;
				GCC_C_LANGUAGE_STANDARD = gnu17;
				GCC_NO_COMMON_BLOCKS = YES;
				GCC_WARN_64_TO_32_BIT_CONVERSION = YES;
				GCC_WARN_ABOUT_RETURN_TYPE = YES_ERROR;
				GCC_WARN_UNDECLARED_SELECTOR = YES;
				GCC_WARN_UNINITIALIZED_AUTOS = YES_AGGRESSIVE;
				GCC_WARN_UNUSED_FUNCTION = YES;
				GCC_WARN_UNUSED_VARIABLE = YES;
				IPHONEOS_DEPLOYMENT_TARGET = 17.0;
				LOCALIZATION_PREFERS_STRING_CATALOGS = YES;
				MTL_ENABLE_DEBUG_INFO = NO;
				MTL_FAST_MATH = YES;
				SDKROOT = iphoneos;
				SWIFT_COMPILATION_MODE = wholemodule;
				VALIDATE_PRODUCT = YES;
			};
			name = Release;
		};
		2B84954F2AE82B0100473818 /* Debug */ = {
			isa = XCBuildConfiguration;
			buildSettings = {
				ASSETCATALOG_COMPILER_APPICON_NAME = AppIcon;
				ASSETCATALOG_COMPILER_GLOBAL_ACCENT_COLOR_NAME = AccentColor;
				CODE_SIGN_STYLE = Automatic;
				CURRENT_PROJECT_VERSION = 1;
				DEVELOPMENT_TEAM = FH99D278L8;
				GENERATE_INFOPLIST_FILE = YES;
				INFOPLIST_FILE = "apple-products/Info.plist";
				INFOPLIST_KEY_UIApplicationSupportsIndirectInputEvents = YES;
				INFOPLIST_KEY_UILaunchStoryboardName = LaunchScreen;
				INFOPLIST_KEY_UISupportedInterfaceOrientations_iPad = "UIInterfaceOrientationPortrait UIInterfaceOrientationPortraitUpsideDown UIInterfaceOrientationLandscapeLeft UIInterfaceOrientationLandscapeRight";
				INFOPLIST_KEY_UISupportedInterfaceOrientations_iPhone = "UIInterfaceOrientationPortrait UIInterfaceOrientationLandscapeLeft UIInterfaceOrientationLandscapeRight";
				LD_RUNPATH_SEARCH_PATHS = (
					"$(inherited)",
					"@executable_path/Frameworks",
				);
				MARKETING_VERSION = 1.0;
				PRODUCT_BUNDLE_IDENTIFIER = "guilhermebrv.apple-products";
				PRODUCT_NAME = "$(TARGET_NAME)";
				SWIFT_EMIT_LOC_STRINGS = YES;
				SWIFT_VERSION = 5.0;
				TARGETED_DEVICE_FAMILY = "1,2";
			};
			name = Debug;
		};
		2B8495502AE82B0100473818 /* Release */ = {
			isa = XCBuildConfiguration;
			buildSettings = {
				ASSETCATALOG_COMPILER_APPICON_NAME = AppIcon;
				ASSETCATALOG_COMPILER_GLOBAL_ACCENT_COLOR_NAME = AccentColor;
				CODE_SIGN_STYLE = Automatic;
				CURRENT_PROJECT_VERSION = 1;
				DEVELOPMENT_TEAM = FH99D278L8;
				GENERATE_INFOPLIST_FILE = YES;
				INFOPLIST_FILE = "apple-products/Info.plist";
				INFOPLIST_KEY_UIApplicationSupportsIndirectInputEvents = YES;
				INFOPLIST_KEY_UILaunchStoryboardName = LaunchScreen;
				INFOPLIST_KEY_UISupportedInterfaceOrientations_iPad = "UIInterfaceOrientationPortrait UIInterfaceOrientationPortraitUpsideDown UIInterfaceOrientationLandscapeLeft UIInterfaceOrientationLandscapeRight";
				INFOPLIST_KEY_UISupportedInterfaceOrientations_iPhone = "UIInterfaceOrientationPortrait UIInterfaceOrientationLandscapeLeft UIInterfaceOrientationLandscapeRight";
				LD_RUNPATH_SEARCH_PATHS = (
					"$(inherited)",
					"@executable_path/Frameworks",
				);
				MARKETING_VERSION = 1.0;
				PRODUCT_BUNDLE_IDENTIFIER = "guilhermebrv.apple-products";
				PRODUCT_NAME = "$(TARGET_NAME)";
				SWIFT_EMIT_LOC_STRINGS = YES;
				SWIFT_VERSION = 5.0;
				TARGETED_DEVICE_FAMILY = "1,2";
			};
			name = Release;
		};
/* End XCBuildConfiguration section */

/* Begin XCConfigurationList section */
		2B8495352AE82AFE00473818 /* Build configuration list for PBXProject "apple-products" */ = {
			isa = XCConfigurationList;
			buildConfigurations = (
				2B84954C2AE82B0100473818 /* Debug */,
				2B84954D2AE82B0100473818 /* Release */,
			);
			defaultConfigurationIsVisible = 0;
			defaultConfigurationName = Release;
		};
		2B84954E2AE82B0100473818 /* Build configuration list for PBXNativeTarget "apple-products" */ = {
			isa = XCConfigurationList;
			buildConfigurations = (
				2B84954F2AE82B0100473818 /* Debug */,
				2B8495502AE82B0100473818 /* Release */,
			);
			defaultConfigurationIsVisible = 0;
			defaultConfigurationName = Release;
		};
/* End XCConfigurationList section */

/* Begin XCVersionGroup section */
		2BBFD4782B6977B900F58F19 /* FavoriteData.xcdatamodeld */ = {
			isa = XCVersionGroup;
			children = (
				2BBFD4792B6977B900F58F19 /* FavoriteData.xcdatamodel */,
			);
			currentVersion = 2BBFD4792B6977B900F58F19 /* FavoriteData.xcdatamodel */;
			path = FavoriteData.xcdatamodeld;
			sourceTree = "<group>";
			versionGroupType = wrapper.xcdatamodel;
		};
/* End XCVersionGroup section */
	};
	rootObject = 2B8495322AE82AFE00473818 /* Project object */;
}
